
Microsoft Visual Studio Solution File, Format Version 12.00
# Visual Studio Version 17
VisualStudioVersion = 17.0.31903.59
MinimumVisualStudioVersion = 10.0.40219.1
Project("{FAE04EC0-301F-11D3-BF4B-00C04F79EFBC}") = "1", "1\1.csproj", "{7E287908-D4F2-49DE-8F83-1910DF51982F}"
EndProject
Project("{FAE04EC0-301F-11D3-BF4B-00C04F79EFBC}") = "2", "2\2.csproj", "{6E691B23-1206-4F62-A568-6E6255F6D7D1}"
EndProject
Project("{FAE04EC0-301F-11D3-BF4B-00C04F79EFBC}") = "3", "3\3.csproj", "{653C6D0D-BF84-405A-8752-80C02290255E}"
EndProject
Project("{FAE04EC0-301F-11D3-BF4B-00C04F79EFBC}") = "4", "4\4.csproj", "{26234F53-4120-4A19-9E6E-0396EA8B2189}"
EndProject
Project("{FAE04EC0-301F-11D3-BF4B-00C04F79EFBC}") = "5", "5\5.csproj", "{1908D89A-CBD7-4292-B61B-B72A62356D75}"
EndProject
Project("{FAE04EC0-301F-11D3-BF4B-00C04F79EFBC}") = "6", "6\6.csproj", "{EF5873BF-20EA-4B33-90D8-FCC2EF8F8D7A}"
EndProject
Project("{FAE04EC0-301F-11D3-BF4B-00C04F79EFBC}") = "7", "7\7.csproj", "{8735E829-6362-47D0-ADD6-5335ACE62D51}"
EndProject
Project("{FAE04EC0-301F-11D3-BF4B-00C04F79EFBC}") = "8", "8\8.csproj", "{6F8A5541-21ED-4785-9B22-A92EBC1DBD14}"
EndProject
Project("{FAE04EC0-301F-11D3-BF4B-00C04F79EFBC}") = "9", "9\9.csproj", "{31F7EEE4-2A8B-4C4E-A987-11CD44468395}"
EndProject
Global
	GlobalSection(SolutionConfigurationPlatforms) = preSolution
		Debug|Any CPU = Debug|Any CPU
		Release|Any CPU = Release|Any CPU
	EndGlobalSection
	GlobalSection(ProjectConfigurationPlatforms) = postSolution
		{7E287908-D4F2-49DE-8F83-1910DF51982F}.Debug|Any CPU.ActiveCfg = Debug|Any CPU
		{7E287908-D4F2-49DE-8F83-1910DF51982F}.Debug|Any CPU.Build.0 = Debug|Any CPU
		{7E287908-D4F2-49DE-8F83-1910DF51982F}.Release|Any CPU.ActiveCfg = Release|Any CPU
		{7E287908-D4F2-49DE-8F83-1910DF51982F}.Release|Any CPU.Build.0 = Release|Any CPU
		{6E691B23-1206-4F62-A568-6E6255F6D7D1}.Debug|Any CPU.ActiveCfg = Debug|Any CPU
		{6E691B23-1206-4F62-A568-6E6255F6D7D1}.Debug|Any CPU.Build.0 = Debug|Any CPU
		{6E691B23-1206-4F62-A568-6E6255F6D7D1}.Release|Any CPU.ActiveCfg = Release|Any CPU
		{6E691B23-1206-4F62-A568-6E6255F6D7D1}.Release|Any CPU.Build.0 = Release|Any CPU
		{653C6D0D-BF84-405A-8752-80C02290255E}.Debug|Any CPU.ActiveCfg = Debug|Any CPU
		{653C6D0D-BF84-405A-8752-80C02290255E}.Debug|Any CPU.Build.0 = Debug|Any CPU
		{653C6D0D-BF84-405A-8752-80C02290255E}.Release|Any CPU.ActiveCfg = Release|Any CPU
		{653C6D0D-BF84-405A-8752-80C02290255E}.Release|Any CPU.Build.0 = Release|Any CPU
		{26234F53-4120-4A19-9E6E-0396EA8B2189}.Debug|Any CPU.ActiveCfg = Debug|Any CPU
		{26234F53-4120-4A19-9E6E-0396EA8B2189}.Debug|Any CPU.Build.0 = Debug|Any CPU
		{26234F53-4120-4A19-9E6E-0396EA8B2189}.Release|Any CPU.ActiveCfg = Release|Any CPU
		{26234F53-4120-4A19-9E6E-0396EA8B2189}.Release|Any CPU.Build.0 = Release|Any CPU
		{1908D89A-CBD7-4292-B61B-B72A62356D75}.Debug|Any CPU.ActiveCfg = Debug|Any CPU
		{1908D89A-CBD7-4292-B61B-B72A62356D75}.Debug|Any CPU.Build.0 = Debug|Any CPU
		{1908D89A-CBD7-4292-B61B-B72A62356D75}.Release|Any CPU.ActiveCfg = Release|Any CPU
		{1908D89A-CBD7-4292-B61B-B72A62356D75}.Release|Any CPU.Build.0 = Release|Any CPU
		{EF5873BF-20EA-4B33-90D8-FCC2EF8F8D7A}.Debug|Any CPU.ActiveCfg = Debug|Any CPU
		{EF5873BF-20EA-4B33-90D8-FCC2EF8F8D7A}.Debug|Any CPU.Build.0 = Debug|Any CPU
		{EF5873BF-20EA-4B33-90D8-FCC2EF8F8D7A}.Release|Any CPU.ActiveCfg = Release|Any CPU
		{EF5873BF-20EA-4B33-90D8-FCC2EF8F8D7A}.Release|Any CPU.Build.0 = Release|Any CPU
		{8735E829-6362-47D0-ADD6-5335ACE62D51}.Debug|Any CPU.ActiveCfg = Debug|Any CPU
		{8735E829-6362-47D0-ADD6-5335ACE62D51}.Debug|Any CPU.Build.0 = Debug|Any CPU
		{8735E829-6362-47D0-ADD6-5335ACE62D51}.Release|Any CPU.ActiveCfg = Release|Any CPU
		{8735E829-6362-47D0-ADD6-5335ACE62D51}.Release|Any CPU.Build.0 = Release|Any CPU
		{6F8A5541-21ED-4785-9B22-A92EBC1DBD14}.Debug|Any CPU.ActiveCfg = Debug|Any CPU
		{6F8A5541-21ED-4785-9B22-A92EBC1DBD14}.Debug|Any CPU.Build.0 = Debug|Any CPU
		{6F8A5541-21ED-4785-9B22-A92EBC1DBD14}.Release|Any CPU.ActiveCfg = Release|Any CPU
		{6F8A5541-21ED-4785-9B22-A92EBC1DBD14}.Release|Any CPU.Build.0 = Release|Any CPU
		{31F7EEE4-2A8B-4C4E-A987-11CD44468395}.Debug|Any CPU.ActiveCfg = Debug|Any CPU
		{31F7EEE4-2A8B-4C4E-A987-11CD44468395}.Debug|Any CPU.Build.0 = Debug|Any CPU
		{31F7EEE4-2A8B-4C4E-A987-11CD44468395}.Release|Any CPU.ActiveCfg = Release|Any CPU
		{31F7EEE4-2A8B-4C4E-A987-11CD44468395}.Release|Any CPU.Build.0 = Release|Any CPU
	EndGlobalSection
	GlobalSection(SolutionProperties) = preSolution
		HideSolutionNode = FALSE
	EndGlobalSection
	GlobalSection(ExtensibilityGlobals) = postSolution
		SolutionGuid = {55BF28E6-208E-4618-950C-C97BF94D3622}
	EndGlobalSection
EndGlobal
